// !$*UTF8*$!
{
	archiveVersion = 1;
	classes = {
	};
	objectVersion = 50;
	objects = {

/* Begin PBXBuildFile section */
		8F526D5B26CB7126004E10AD /* CMSampleBuffer+CGImage.swift in Sources */ = {isa = PBXBuildFile; fileRef = 8F526D5A26CB7126004E10AD /* CMSampleBuffer+CGImage.swift */; };
		8F526D5F26CB90CA004E10AD /* Etching.mlmodel in Sources */ = {isa = PBXBuildFile; fileRef = 8F526D5D26CB90CA004E10AD /* Etching.mlmodel */; };
		8F59B34426CF42F800CB3C4A /* Assets.xcassets in Resources */ = {isa = PBXBuildFile; fileRef = 8F59B34326CF42F800CB3C4A /* Assets.xcassets */; };
		8F59B34826CF473700CB3C4A /* Store+Preview.swift in Sources */ = {isa = PBXBuildFile; fileRef = 8F59B34726CF473700CB3C4A /* Store+Preview.swift */; };
		8FB0DDDB26CAFE6B0063B6A5 /* SelectStyleView.swift in Sources */ = {isa = PBXBuildFile; fileRef = 8FB0DDDA26CAFE6B0063B6A5 /* SelectStyleView.swift */; };
		8FB0DDDE26CAFED00063B6A5 /* Style.swift in Sources */ = {isa = PBXBuildFile; fileRef = 8FB0DDDD26CAFED00063B6A5 /* Style.swift */; };
		8FB0DDE126CB03700063B6A5 /* State.swift in Sources */ = {isa = PBXBuildFile; fileRef = 8FB0DDE026CB03700063B6A5 /* State.swift */; };
		8FB0DDE326CB04060063B6A5 /* Action.swift in Sources */ = {isa = PBXBuildFile; fileRef = 8FB0DDE226CB04060063B6A5 /* Action.swift */; };
		8FB0DDE826CB15240063B6A5 /* VideoCaptureService.swift in Sources */ = {isa = PBXBuildFile; fileRef = 8FB0DDE726CB15240063B6A5 /* VideoCaptureService.swift */; };
		8FB0DDF426CB54880063B6A5 /* StyleTransferService.swift in Sources */ = {isa = PBXBuildFile; fileRef = 8FB0DDF326CB54880063B6A5 /* StyleTransferService.swift */; };
		8FB0DDF626CB59EF0063B6A5 /* VideoWindowView.swift in Sources */ = {isa = PBXBuildFile; fileRef = 8FB0DDF526CB59EF0063B6A5 /* VideoWindowView.swift */; };
		8FB56EC426CEEA790067596F /* SelectStyleCellView.swift in Sources */ = {isa = PBXBuildFile; fileRef = 8FB56EC326CEEA790067596F /* SelectStyleCellView.swift */; };
		8FB56EC826CF21260067596F /* Store.swift in Sources */ = {isa = PBXBuildFile; fileRef = 8FB56EC726CF21260067596F /* Store.swift */; };
		8FB56ECA26CF23910067596F /* Middleware.swift in Sources */ = {isa = PBXBuildFile; fileRef = 8FB56EC926CF23910067596F /* Middleware.swift */; };
		8FB56ECC26CF243E0067596F /* Reducer.swift in Sources */ = {isa = PBXBuildFile; fileRef = 8FB56ECB26CF243E0067596F /* Reducer.swift */; };
		8FB56ED026CF34530067596F /* StyleThumbnailView.swift in Sources */ = {isa = PBXBuildFile; fileRef = 8FB56ECF26CF34530067596F /* StyleThumbnailView.swift */; };
		8FB56ED226CF36200067596F /* VideoControlsView.swift in Sources */ = {isa = PBXBuildFile; fileRef = 8FB56ED126CF36200067596F /* VideoControlsView.swift */; };
		8FB56ED426CF39F60067596F /* VideoFeedView.swift in Sources */ = {isa = PBXBuildFile; fileRef = 8FB56ED326CF39F60067596F /* VideoFeedView.swift */; };
		8FB56ED626CF3FB60067596F /* View+IsHidden.swift in Sources */ = {isa = PBXBuildFile; fileRef = 8FB56ED526CF3FB60067596F /* View+IsHidden.swift */; };
		8FB56ED826CF42220067596F /* NoStyleThumbnailView.swift in Sources */ = {isa = PBXBuildFile; fileRef = 8FB56ED726CF42220067596F /* NoStyleThumbnailView.swift */; };
		8FF5F52626C9DF81007476A3 /* MainApp.swift in Sources */ = {isa = PBXBuildFile; fileRef = 8FF5F52526C9DF81007476A3 /* MainApp.swift */; };
		8FF5F52826C9DF81007476A3 /* MainView.swift in Sources */ = {isa = PBXBuildFile; fileRef = 8FF5F52726C9DF81007476A3 /* MainView.swift */; };
		8FF5F52D26C9DF83007476A3 /* Preview Assets.xcassets in Resources */ = {isa = PBXBuildFile; fileRef = 8FF5F52C26C9DF83007476A3 /* Preview Assets.xcassets */; };
		8FF8842B26CC2C7500CBC1AE /* CVPixelBuffer+CGImage.swift in Sources */ = {isa = PBXBuildFile; fileRef = 8FF8842A26CC2C7500CBC1AE /* CVPixelBuffer+CGImage.swift */; };
		8FF8842D26CC32FA00CBC1AE /* CGImage+CenterCrop.swift in Sources */ = {isa = PBXBuildFile; fileRef = 8FF8842C26CC32FA00CBC1AE /* CGImage+CenterCrop.swift */; };
		8FF8843126CC3A2400CBC1AE /* Max.mlmodel in Sources */ = {isa = PBXBuildFile; fileRef = 8FF8842E26CC3A2300CBC1AE /* Max.mlmodel */; };
		8FF8843226CC3A2400CBC1AE /* Sean.mlmodel in Sources */ = {isa = PBXBuildFile; fileRef = 8FF8842F26CC3A2300CBC1AE /* Sean.mlmodel */; };
		8FF8843326CC3A2400CBC1AE /* Mandy.mlmodel in Sources */ = {isa = PBXBuildFile; fileRef = 8FF8843026CC3A2400CBC1AE /* Mandy.mlmodel */; };
		8FF8843526CC42E800CBC1AE /* Painting.mlmodel in Sources */ = {isa = PBXBuildFile; fileRef = 8FF8843426CC42E800CBC1AE /* Painting.mlmodel */; };
/* End PBXBuildFile section */

/* Begin PBXFileReference section */
		8F526D5A26CB7126004E10AD /* CMSampleBuffer+CGImage.swift */ = {isa = PBXFileReference; lastKnownFileType = sourcecode.swift; path = "CMSampleBuffer+CGImage.swift"; sourceTree = "<group>"; };
		8F526D5D26CB90CA004E10AD /* Etching.mlmodel */ = {isa = PBXFileReference; lastKnownFileType = file.mlmodel; path = Etching.mlmodel; sourceTree = "<group>"; };
		8F59B34326CF42F800CB3C4A /* Assets.xcassets */ = {isa = PBXFileReference; lastKnownFileType = folder.assetcatalog; path = Assets.xcassets; sourceTree = "<group>"; };
		8F59B34726CF473700CB3C4A /* Store+Preview.swift */ = {isa = PBXFileReference; lastKnownFileType = sourcecode.swift; path = "Store+Preview.swift"; sourceTree = "<group>"; };
		8FB0DDDA26CAFE6B0063B6A5 /* SelectStyleView.swift */ = {isa = PBXFileReference; lastKnownFileType = sourcecode.swift; path = SelectStyleView.swift; sourceTree = "<group>"; };
		8FB0DDDD26CAFED00063B6A5 /* Style.swift */ = {isa = PBXFileReference; lastKnownFileType = sourcecode.swift; path = Style.swift; sourceTree = "<group>"; };
		8FB0DDE026CB03700063B6A5 /* State.swift */ = {isa = PBXFileReference; lastKnownFileType = sourcecode.swift; path = State.swift; sourceTree = "<group>"; };
		8FB0DDE226CB04060063B6A5 /* Action.swift */ = {isa = PBXFileReference; lastKnownFileType = sourcecode.swift; path = Action.swift; sourceTree = "<group>"; };
		8FB0DDE726CB15240063B6A5 /* VideoCaptureService.swift */ = {isa = PBXFileReference; lastKnownFileType = sourcecode.swift; path = VideoCaptureService.swift; sourceTree = "<group>"; };
		8FB0DDF326CB54880063B6A5 /* StyleTransferService.swift */ = {isa = PBXFileReference; lastKnownFileType = sourcecode.swift; path = StyleTransferService.swift; sourceTree = "<group>"; };
		8FB0DDF526CB59EF0063B6A5 /* VideoWindowView.swift */ = {isa = PBXFileReference; lastKnownFileType = sourcecode.swift; path = VideoWindowView.swift; sourceTree = "<group>"; };
		8FB56EC326CEEA790067596F /* SelectStyleCellView.swift */ = {isa = PBXFileReference; lastKnownFileType = sourcecode.swift; path = SelectStyleCellView.swift; sourceTree = "<group>"; };
		8FB56EC726CF21260067596F /* Store.swift */ = {isa = PBXFileReference; lastKnownFileType = sourcecode.swift; path = Store.swift; sourceTree = "<group>"; };
		8FB56EC926CF23910067596F /* Middleware.swift */ = {isa = PBXFileReference; lastKnownFileType = sourcecode.swift; path = Middleware.swift; sourceTree = "<group>"; };
		8FB56ECB26CF243E0067596F /* Reducer.swift */ = {isa = PBXFileReference; lastKnownFileType = sourcecode.swift; path = Reducer.swift; sourceTree = "<group>"; };
		8FB56ECF26CF34530067596F /* StyleThumbnailView.swift */ = {isa = PBXFileReference; lastKnownFileType = sourcecode.swift; path = StyleThumbnailView.swift; sourceTree = "<group>"; };
		8FB56ED126CF36200067596F /* VideoControlsView.swift */ = {isa = PBXFileReference; lastKnownFileType = sourcecode.swift; path = VideoControlsView.swift; sourceTree = "<group>"; };
		8FB56ED326CF39F60067596F /* VideoFeedView.swift */ = {isa = PBXFileReference; lastKnownFileType = sourcecode.swift; path = VideoFeedView.swift; sourceTree = "<group>"; };
		8FB56ED526CF3FB60067596F /* View+IsHidden.swift */ = {isa = PBXFileReference; lastKnownFileType = sourcecode.swift; path = "View+IsHidden.swift"; sourceTree = "<group>"; };
		8FB56ED726CF42220067596F /* NoStyleThumbnailView.swift */ = {isa = PBXFileReference; lastKnownFileType = sourcecode.swift; path = NoStyleThumbnailView.swift; sourceTree = "<group>"; };
		8FF5F52226C9DF81007476A3 /* CocoaHeadsStyleTransferDemo.app */ = {isa = PBXFileReference; explicitFileType = wrapper.application; includeInIndex = 0; path = CocoaHeadsStyleTransferDemo.app; sourceTree = BUILT_PRODUCTS_DIR; };
		8FF5F52526C9DF81007476A3 /* MainApp.swift */ = {isa = PBXFileReference; lastKnownFileType = sourcecode.swift; path = MainApp.swift; sourceTree = "<group>"; };
		8FF5F52726C9DF81007476A3 /* MainView.swift */ = {isa = PBXFileReference; lastKnownFileType = sourcecode.swift; path = MainView.swift; sourceTree = "<group>"; };
		8FF5F52C26C9DF83007476A3 /* Preview Assets.xcassets */ = {isa = PBXFileReference; lastKnownFileType = folder.assetcatalog; path = "Preview Assets.xcassets"; sourceTree = "<group>"; };
		8FF5F52E26C9DF83007476A3 /* Info.plist */ = {isa = PBXFileReference; lastKnownFileType = text.plist.xml; path = Info.plist; sourceTree = "<group>"; };
		8FF8842A26CC2C7500CBC1AE /* CVPixelBuffer+CGImage.swift */ = {isa = PBXFileReference; lastKnownFileType = sourcecode.swift; path = "CVPixelBuffer+CGImage.swift"; sourceTree = "<group>"; };
		8FF8842C26CC32FA00CBC1AE /* CGImage+CenterCrop.swift */ = {isa = PBXFileReference; lastKnownFileType = sourcecode.swift; path = "CGImage+CenterCrop.swift"; sourceTree = "<group>"; };
		8FF8842E26CC3A2300CBC1AE /* Max.mlmodel */ = {isa = PBXFileReference; lastKnownFileType = file.mlmodel; path = Max.mlmodel; sourceTree = "<group>"; };
		8FF8842F26CC3A2300CBC1AE /* Sean.mlmodel */ = {isa = PBXFileReference; lastKnownFileType = file.mlmodel; path = Sean.mlmodel; sourceTree = "<group>"; };
		8FF8843026CC3A2400CBC1AE /* Mandy.mlmodel */ = {isa = PBXFileReference; lastKnownFileType = file.mlmodel; path = Mandy.mlmodel; sourceTree = "<group>"; };
		8FF8843426CC42E800CBC1AE /* Painting.mlmodel */ = {isa = PBXFileReference; lastKnownFileType = file.mlmodel; path = Painting.mlmodel; sourceTree = "<group>"; };
/* End PBXFileReference section */

/* Begin PBXFrameworksBuildPhase section */
		8FF5F51F26C9DF81007476A3 /* Frameworks */ = {
			isa = PBXFrameworksBuildPhase;
			buildActionMask = 2147483647;
			files = (
			);
			runOnlyForDeploymentPostprocessing = 0;
		};
/* End PBXFrameworksBuildPhase section */

/* Begin PBXGroup section */
		8F526D5926CB7112004E10AD /* Extensions */ = {
			isa = PBXGroup;
			children = (
				8F526D5A26CB7126004E10AD /* CMSampleBuffer+CGImage.swift */,
				8FF8842A26CC2C7500CBC1AE /* CVPixelBuffer+CGImage.swift */,
				8FF8842C26CC32FA00CBC1AE /* CGImage+CenterCrop.swift */,
				8FB56ED526CF3FB60067596F /* View+IsHidden.swift */,
				8F59B34726CF473700CB3C4A /* Store+Preview.swift */,
			);
			path = Extensions;
			sourceTree = "<group>";
		};
		8FB0DDD926CAFE550063B6A5 /* View */ = {
			isa = PBXGroup;
			children = (
				8FB56EC526CEECF80067596F /* MainView */,
				8FB56EC626CEECFD0067596F /* SelectStyleView */,
			);
			path = View;
			sourceTree = "<group>";
		};
		8FB0DDDC26CAFEC40063B6A5 /* Model */ = {
			isa = PBXGroup;
			children = (
				8FF8843026CC3A2400CBC1AE /* Mandy.mlmodel */,
				8FF8842E26CC3A2300CBC1AE /* Max.mlmodel */,
				8FF8842F26CC3A2300CBC1AE /* Sean.mlmodel */,
				8F526D5D26CB90CA004E10AD /* Etching.mlmodel */,
				8FF8843426CC42E800CBC1AE /* Painting.mlmodel */,
				8FB0DDDD26CAFED00063B6A5 /* Style.swift */,
			);
			path = Model;
			sourceTree = "<group>";
		};
		8FB0DDDF26CB03650063B6A5 /* State */ = {
			isa = PBXGroup;
			children = (
				8FB0DDE026CB03700063B6A5 /* State.swift */,
				8FB0DDE226CB04060063B6A5 /* Action.swift */,
				8FB56EC726CF21260067596F /* Store.swift */,
				8FB56ECB26CF243E0067596F /* Reducer.swift */,
				8FB56EC926CF23910067596F /* Middleware.swift */,
			);
			path = State;
			sourceTree = "<group>";
		};
		8FB0DDE626CB13890063B6A5 /* Service */ = {
			isa = PBXGroup;
			children = (
				8FB0DDE726CB15240063B6A5 /* VideoCaptureService.swift */,
				8FB0DDF326CB54880063B6A5 /* StyleTransferService.swift */,
			);
			path = Service;
			sourceTree = "<group>";
		};
		8FB56EC526CEECF80067596F /* MainView */ = {
			isa = PBXGroup;
			children = (
				8FF5F52726C9DF81007476A3 /* MainView.swift */,
				8FB56ED326CF39F60067596F /* VideoFeedView.swift */,
				8FB0DDF526CB59EF0063B6A5 /* VideoWindowView.swift */,
				8FB56ED126CF36200067596F /* VideoControlsView.swift */,
				8FB56ECF26CF34530067596F /* StyleThumbnailView.swift */,
				8FB56ED726CF42220067596F /* NoStyleThumbnailView.swift */,
			);
			path = MainView;
			sourceTree = "<group>";
		};
		8FB56EC626CEECFD0067596F /* SelectStyleView */ = {
			isa = PBXGroup;
			children = (
				8FB0DDDA26CAFE6B0063B6A5 /* SelectStyleView.swift */,
				8FB56EC326CEEA790067596F /* SelectStyleCellView.swift */,
			);
			path = SelectStyleView;
			sourceTree = "<group>";
		};
		8FF5F51926C9DF81007476A3 = {
			isa = PBXGroup;
			children = (
				8FF5F52426C9DF81007476A3 /* CocoaHeadsStyleTransferDemo */,
				8FF5F52326C9DF81007476A3 /* Products */,
			);
			sourceTree = "<group>";
		};
		8FF5F52326C9DF81007476A3 /* Products */ = {
			isa = PBXGroup;
			children = (
				8FF5F52226C9DF81007476A3 /* CocoaHeadsStyleTransferDemo.app */,
			);
			name = Products;
			sourceTree = "<group>";
		};
		8FF5F52426C9DF81007476A3 /* CocoaHeadsStyleTransferDemo */ = {
			isa = PBXGroup;
			children = (
				8F526D5926CB7112004E10AD /* Extensions */,
				8FB0DDE626CB13890063B6A5 /* Service */,
				8FB0DDDF26CB03650063B6A5 /* State */,
				8FB0DDDC26CAFEC40063B6A5 /* Model */,
				8FB0DDD926CAFE550063B6A5 /* View */,
				8FF5F52526C9DF81007476A3 /* MainApp.swift */,
				8FF5F52E26C9DF83007476A3 /* Info.plist */,
				8F59B34326CF42F800CB3C4A /* Assets.xcassets */,
				8FF5F52B26C9DF83007476A3 /* Preview Content */,
			);
			path = CocoaHeadsStyleTransferDemo;
			sourceTree = "<group>";
		};
		8FF5F52B26C9DF83007476A3 /* Preview Content */ = {
			isa = PBXGroup;
			children = (
				8FF5F52C26C9DF83007476A3 /* Preview Assets.xcassets */,
			);
			path = "Preview Content";
			sourceTree = "<group>";
		};
/* End PBXGroup section */

/* Begin PBXNativeTarget section */
		8FF5F52126C9DF81007476A3 /* CocoaHeadsStyleTransferDemo */ = {
			isa = PBXNativeTarget;
			buildConfigurationList = 8FF5F53126C9DF83007476A3 /* Build configuration list for PBXNativeTarget "CocoaHeadsStyleTransferDemo" */;
			buildPhases = (
				8FB0DDE926CB419B0063B6A5 /* ShellScript */,
				8FF5F51E26C9DF81007476A3 /* Sources */,
				8FF5F51F26C9DF81007476A3 /* Frameworks */,
				8FF5F52026C9DF81007476A3 /* Resources */,
			);
			buildRules = (
			);
			dependencies = (
			);
			name = CocoaHeadsStyleTransferDemo;
			productName = CocoaHeadsStyleTransferDemo;
			productReference = 8FF5F52226C9DF81007476A3 /* CocoaHeadsStyleTransferDemo.app */;
			productType = "com.apple.product-type.application";
		};
/* End PBXNativeTarget section */

/* Begin PBXProject section */
		8FF5F51A26C9DF81007476A3 /* Project object */ = {
			isa = PBXProject;
			attributes = {
				LastSwiftUpdateCheck = 1250;
				LastUpgradeCheck = 1250;
				TargetAttributes = {
					8FF5F52126C9DF81007476A3 = {
						CreatedOnToolsVersion = 12.5.1;
					};
				};
			};
			buildConfigurationList = 8FF5F51D26C9DF81007476A3 /* Build configuration list for PBXProject "CocoaHeadsStyleTransferDemo" */;
			compatibilityVersion = "Xcode 9.3";
			developmentRegion = en;
			hasScannedForEncodings = 0;
			knownRegions = (
				en,
				Base,
			);
			mainGroup = 8FF5F51926C9DF81007476A3;
			productRefGroup = 8FF5F52326C9DF81007476A3 /* Products */;
			projectDirPath = "";
			projectRoot = "";
			targets = (
				8FF5F52126C9DF81007476A3 /* CocoaHeadsStyleTransferDemo */,
			);
		};
/* End PBXProject section */

/* Begin PBXResourcesBuildPhase section */
		8FF5F52026C9DF81007476A3 /* Resources */ = {
			isa = PBXResourcesBuildPhase;
			buildActionMask = 2147483647;
			files = (
				8F59B34426CF42F800CB3C4A /* Assets.xcassets in Resources */,
				8FF5F52D26C9DF83007476A3 /* Preview Assets.xcassets in Resources */,
			);
			runOnlyForDeploymentPostprocessing = 0;
		};
/* End PBXResourcesBuildPhase section */

/* Begin PBXShellScriptBuildPhase section */
		8FB0DDE926CB419B0063B6A5 /* ShellScript */ = {
			isa = PBXShellScriptBuildPhase;
			buildActionMask = 2147483647;
			files = (
			);
			inputFileListPaths = (
			);
			inputPaths = (
			);
			outputFileListPaths = (
			);
			outputPaths = (
			);
			runOnlyForDeploymentPostprocessing = 0;
			shellPath = /bin/sh;
			shellScript = "if which swiftlint >/dev/null; then\n  swiftlint\nelse\n  echo \"warning: SwiftLint not installed, download from https://github.com/realm/SwiftLint\"\nfi\n";
		};
/* End PBXShellScriptBuildPhase section */

/* Begin PBXSourcesBuildPhase section */
		8FF5F51E26C9DF81007476A3 /* Sources */ = {
			isa = PBXSourcesBuildPhase;
			buildActionMask = 2147483647;
			files = (
				8FB56ED626CF3FB60067596F /* View+IsHidden.swift in Sources */,
				8FF8843326CC3A2400CBC1AE /* Mandy.mlmodel in Sources */,
				8F526D5B26CB7126004E10AD /* CMSampleBuffer+CGImage.swift in Sources */,
				8FB0DDE826CB15240063B6A5 /* VideoCaptureService.swift in Sources */,
				8FB56ED026CF34530067596F /* StyleThumbnailView.swift in Sources */,
				8FF8842B26CC2C7500CBC1AE /* CVPixelBuffer+CGImage.swift in Sources */,
				8FB56ED426CF39F60067596F /* VideoFeedView.swift in Sources */,
				8FF8843226CC3A2400CBC1AE /* Sean.mlmodel in Sources */,
				8FB56ECA26CF23910067596F /* Middleware.swift in Sources */,
				8FF5F52826C9DF81007476A3 /* MainView.swift in Sources */,
				8FB0DDE326CB04060063B6A5 /* Action.swift in Sources */,
				8FB0DDF626CB59EF0063B6A5 /* VideoWindowView.swift in Sources */,
				8FB0DDE126CB03700063B6A5 /* State.swift in Sources */,
				8FF8843126CC3A2400CBC1AE /* Max.mlmodel in Sources */,
				8FB56ECC26CF243E0067596F /* Reducer.swift in Sources */,
				8F526D5F26CB90CA004E10AD /* Etching.mlmodel in Sources */,
				8FB0DDF426CB54880063B6A5 /* StyleTransferService.swift in Sources */,
				8FB56ED226CF36200067596F /* VideoControlsView.swift in Sources */,
				8FF5F52626C9DF81007476A3 /* MainApp.swift in Sources */,
				8FF8842D26CC32FA00CBC1AE /* CGImage+CenterCrop.swift in Sources */,
				8F59B34826CF473700CB3C4A /* Store+Preview.swift in Sources */,
				8FB56ED826CF42220067596F /* NoStyleThumbnailView.swift in Sources */,
				8FB56EC826CF21260067596F /* Store.swift in Sources */,
				8FB0DDDB26CAFE6B0063B6A5 /* SelectStyleView.swift in Sources */,
				8FB56EC426CEEA790067596F /* SelectStyleCellView.swift in Sources */,
				8FF8843526CC42E800CBC1AE /* Painting.mlmodel in Sources */,
				8FB0DDDE26CAFED00063B6A5 /* Style.swift in Sources */,
			);
			runOnlyForDeploymentPostprocessing = 0;
		};
/* End PBXSourcesBuildPhase section */

/* Begin XCBuildConfiguration section */
		8FF5F52F26C9DF83007476A3 /* Debug */ = {
			isa = XCBuildConfiguration;
			buildSettings = {
				ALWAYS_SEARCH_USER_PATHS = NO;
				CLANG_ANALYZER_NONNULL = YES;
				CLANG_ANALYZER_NUMBER_OBJECT_CONVERSION = YES_AGGRESSIVE;
				CLANG_CXX_LANGUAGE_STANDARD = "gnu++14";
				CLANG_CXX_LIBRARY = "libc++";
				CLANG_ENABLE_MODULES = YES;
				CLANG_ENABLE_OBJC_ARC = YES;
				CLANG_ENABLE_OBJC_WEAK = YES;
				CLANG_WARN_BLOCK_CAPTURE_AUTORELEASING = YES;
				CLANG_WARN_BOOL_CONVERSION = YES;
				CLANG_WARN_COMMA = YES;
				CLANG_WARN_CONSTANT_CONVERSION = YES;
				CLANG_WARN_DEPRECATED_OBJC_IMPLEMENTATIONS = YES;
				CLANG_WARN_DIRECT_OBJC_ISA_USAGE = YES_ERROR;
				CLANG_WARN_DOCUMENTATION_COMMENTS = YES;
				CLANG_WARN_EMPTY_BODY = YES;
				CLANG_WARN_ENUM_CONVERSION = YES;
				CLANG_WARN_INFINITE_RECURSION = YES;
				CLANG_WARN_INT_CONVERSION = YES;
				CLANG_WARN_NON_LITERAL_NULL_CONVERSION = YES;
				CLANG_WARN_OBJC_IMPLICIT_RETAIN_SELF = YES;
				CLANG_WARN_OBJC_LITERAL_CONVERSION = YES;
				CLANG_WARN_OBJC_ROOT_CLASS = YES_ERROR;
				CLANG_WARN_QUOTED_INCLUDE_IN_FRAMEWORK_HEADER = YES;
				CLANG_WARN_RANGE_LOOP_ANALYSIS = YES;
				CLANG_WARN_STRICT_PROTOTYPES = YES;
				CLANG_WARN_SUSPICIOUS_MOVE = YES;
				CLANG_WARN_UNGUARDED_AVAILABILITY = YES_AGGRESSIVE;
				CLANG_WARN_UNREACHABLE_CODE = YES;
				CLANG_WARN__DUPLICATE_METHOD_MATCH = YES;
				COPY_PHASE_STRIP = NO;
				DEBUG_INFORMATION_FORMAT = dwarf;
				ENABLE_STRICT_OBJC_MSGSEND = YES;
				ENABLE_TESTABILITY = YES;
				GCC_C_LANGUAGE_STANDARD = gnu11;
				GCC_DYNAMIC_NO_PIC = NO;
				GCC_NO_COMMON_BLOCKS = YES;
				GCC_OPTIMIZATION_LEVEL = 0;
				GCC_PREPROCESSOR_DEFINITIONS = (
					"DEBUG=1",
					"$(inherited)",
				);
				GCC_WARN_64_TO_32_BIT_CONVERSION = YES;
				GCC_WARN_ABOUT_RETURN_TYPE = YES_ERROR;
				GCC_WARN_UNDECLARED_SELECTOR = YES;
				GCC_WARN_UNINITIALIZED_AUTOS = YES_AGGRESSIVE;
				GCC_WARN_UNUSED_FUNCTION = YES;
				GCC_WARN_UNUSED_VARIABLE = YES;
				IPHONEOS_DEPLOYMENT_TARGET = 14.5;
				MTL_ENABLE_DEBUG_INFO = INCLUDE_SOURCE;
				MTL_FAST_MATH = YES;
				ONLY_ACTIVE_ARCH = YES;
				SDKROOT = iphoneos;
				SWIFT_ACTIVE_COMPILATION_CONDITIONS = DEBUG;
				SWIFT_OPTIMIZATION_LEVEL = "-Onone";
			};
			name = Debug;
		};
		8FF5F53026C9DF83007476A3 /* Release */ = {
			isa = XCBuildConfiguration;
			buildSettings = {
				ALWAYS_SEARCH_USER_PATHS = NO;
				CLANG_ANALYZER_NONNULL = YES;
				CLANG_ANALYZER_NUMBER_OBJECT_CONVERSION = YES_AGGRESSIVE;
				CLANG_CXX_LANGUAGE_STANDARD = "gnu++14";
				CLANG_CXX_LIBRARY = "libc++";
				CLANG_ENABLE_MODULES = YES;
				CLANG_ENABLE_OBJC_ARC = YES;
				CLANG_ENABLE_OBJC_WEAK = YES;
				CLANG_WARN_BLOCK_CAPTURE_AUTORELEASING = YES;
				CLANG_WARN_BOOL_CONVERSION = YES;
				CLANG_WARN_COMMA = YES;
				CLANG_WARN_CONSTANT_CONVERSION = YES;
				CLANG_WARN_DEPRECATED_OBJC_IMPLEMENTATIONS = YES;
				CLANG_WARN_DIRECT_OBJC_ISA_USAGE = YES_ERROR;
				CLANG_WARN_DOCUMENTATION_COMMENTS = YES;
				CLANG_WARN_EMPTY_BODY = YES;
				CLANG_WARN_ENUM_CONVERSION = YES;
				CLANG_WARN_INFINITE_RECURSION = YES;
				CLANG_WARN_INT_CONVERSION = YES;
				CLANG_WARN_NON_LITERAL_NULL_CONVERSION = YES;
				CLANG_WARN_OBJC_IMPLICIT_RETAIN_SELF = YES;
				CLANG_WARN_OBJC_LITERAL_CONVERSION = YES;
				CLANG_WARN_OBJC_ROOT_CLASS = YES_ERROR;
				CLANG_WARN_QUOTED_INCLUDE_IN_FRAMEWORK_HEADER = YES;
				CLANG_WARN_RANGE_LOOP_ANALYSIS = YES;
				CLANG_WARN_STRICT_PROTOTYPES = YES;
				CLANG_WARN_SUSPICIOUS_MOVE = YES;
				CLANG_WARN_UNGUARDED_AVAILABILITY = YES_AGGRESSIVE;
				CLANG_WARN_UNREACHABLE_CODE = YES;
				CLANG_WARN__DUPLICATE_METHOD_MATCH = YES;
				COPY_PHASE_STRIP = NO;
				DEBUG_INFORMATION_FORMAT = "dwarf-with-dsym";
				ENABLE_NS_ASSERTIONS = NO;
				ENABLE_STRICT_OBJC_MSGSEND = YES;
				GCC_C_LANGUAGE_STANDARD = gnu11;
				GCC_NO_COMMON_BLOCKS = YES;
				GCC_WARN_64_TO_32_BIT_CONVERSION = YES;
				GCC_WARN_ABOUT_RETURN_TYPE = YES_ERROR;
				GCC_WARN_UNDECLARED_SELECTOR = YES;
				GCC_WARN_UNINITIALIZED_AUTOS = YES_AGGRESSIVE;
				GCC_WARN_UNUSED_FUNCTION = YES;
				GCC_WARN_UNUSED_VARIABLE = YES;
				IPHONEOS_DEPLOYMENT_TARGET = 14.5;
				MTL_ENABLE_DEBUG_INFO = NO;
				MTL_FAST_MATH = YES;
				SDKROOT = iphoneos;
				SWIFT_COMPILATION_MODE = wholemodule;
				SWIFT_OPTIMIZATION_LEVEL = "-O";
				VALIDATE_PRODUCT = YES;
			};
			name = Release;
		};
		8FF5F53226C9DF83007476A3 /* Debug */ = {
			isa = XCBuildConfiguration;
			buildSettings = {
				ASSETCATALOG_COMPILER_APPICON_NAME = AppIcon;
				ASSETCATALOG_COMPILER_GLOBAL_ACCENT_COLOR_NAME = AccentColor;
				CODE_SIGN_STYLE = Automatic;
				DEVELOPMENT_ASSET_PATHS = "\"CocoaHeadsStyleTransferDemo/Preview Content\"";
				DEVELOPMENT_TEAM = QVTTLF22GX;
				ENABLE_PREVIEWS = YES;
				INFOPLIST_FILE = CocoaHeadsStyleTransferDemo/Info.plist;
				IPHONEOS_DEPLOYMENT_TARGET = 14.0;
				LD_RUNPATH_SEARCH_PATHS = (
					"$(inherited)",
					"@executable_path/Frameworks",
				);
				PRODUCT_BUNDLE_IDENTIFIER = com.pablo.CocoaHeadsStyleTransferDemo;
				PRODUCT_NAME = "$(TARGET_NAME)";
				SWIFT_VERSION = 5.0;
				TARGETED_DEVICE_FAMILY = "1,2";
			};
			name = Debug;
		};
		8FF5F53326C9DF83007476A3 /* Release */ = {
			isa = XCBuildConfiguration;
			buildSettings = {
				ASSETCATALOG_COMPILER_APPICON_NAME = AppIcon;
				ASSETCATALOG_COMPILER_GLOBAL_ACCENT_COLOR_NAME = AccentColor;
				CODE_SIGN_STYLE = Automatic;
				DEVELOPMENT_ASSET_PATHS = "\"CocoaHeadsStyleTransferDemo/Preview Content\"";
				DEVELOPMENT_TEAM = QVTTLF22GX;
				ENABLE_PREVIEWS = YES;
				INFOPLIST_FILE = CocoaHeadsStyleTransferDemo/Info.plist;
				IPHONEOS_DEPLOYMENT_TARGET = 14.0;
				LD_RUNPATH_SEARCH_PATHS = (
					"$(inherited)",
					"@executable_path/Frameworks",
				);
				PRODUCT_BUNDLE_IDENTIFIER = com.pablo.CocoaHeadsStyleTransferDemo;
				PRODUCT_NAME = "$(TARGET_NAME)";
				SWIFT_VERSION = 5.0;
				TARGETED_DEVICE_FAMILY = "1,2";
			};
			name = Release;
		};
/* End XCBuildConfiguration section */

/* Begin XCConfigurationList section */
		8FF5F51D26C9DF81007476A3 /* Build configuration list for PBXProject "CocoaHeadsStyleTransferDemo" */ = {
			isa = XCConfigurationList;
			buildConfigurations = (
				8FF5F52F26C9DF83007476A3 /* Debug */,
				8FF5F53026C9DF83007476A3 /* Release */,
			);
			defaultConfigurationIsVisible = 0;
			defaultConfigurationName = Release;
		};
		8FF5F53126C9DF83007476A3 /* Build configuration list for PBXNativeTarget "CocoaHeadsStyleTransferDemo" */ = {
			isa = XCConfigurationList;
			buildConfigurations = (
				8FF5F53226C9DF83007476A3 /* Debug */,
				8FF5F53326C9DF83007476A3 /* Release */,
			);
			defaultConfigurationIsVisible = 0;
			defaultConfigurationName = Release;
		};
/* End XCConfigurationList section */
	};
	rootObject = 8FF5F51A26C9DF81007476A3 /* Project object */;
}
